
Microsoft Visual Studio Solution File, Format Version 12.00
# Visual Studio 2012
Project("{FAE04EC0-301F-11D3-BF4B-00C04F79EFBC}") = "Aliencube.DataAccessFramework", "Aliencube.DataAccessFramework\Aliencube.DataAccessFramework.csproj", "{E87F0646-220A-4444-A00C-23188AB7331A}"
EndProject
Project("{FAE04EC0-301F-11D3-BF4B-00C04F79EFBC}") = "Aliencube.Tests", "Aliencube.Tests\Aliencube.Tests.csproj", "{2AC3F64D-3F87-47DC-99F4-664965E91399}"
EndProject
Project("{2150E333-8FDC-42A3-9474-1A3956D46DE8}") = "Documents", "Documents", "{AF2CA2AF-E49D-4AF4-BBF5-246A636E93DB}"
EndProject
Project("{2150E333-8FDC-42A3-9474-1A3956D46DE8}") = "Properties", "Properties", "{43B6B180-A0F3-49C7-BA13-DF001E4361AF}"
	ProjectSection(SolutionItems) = preProject
		..\Documents\Properties\CommonAssemblyInfo.cs = ..\Documents\Properties\CommonAssemblyInfo.cs
	EndProjectSection
EndProject
Global
	GlobalSection(SolutionConfigurationPlatforms) = preSolution
		Debug|Any CPU = Debug|Any CPU
		Release|Any CPU = Release|Any CPU
	EndGlobalSection
	GlobalSection(ProjectConfigurationPlatforms) = postSolution
		{E87F0646-220A-4444-A00C-23188AB7331A}.Debug|Any CPU.ActiveCfg = Debug|Any CPU
		{E87F0646-220A-4444-A00C-23188AB7331A}.Debug|Any CPU.Build.0 = Debug|Any CPU
		{E87F0646-220A-4444-A00C-23188AB7331A}.Release|Any CPU.ActiveCfg = Release|Any CPU
		{E87F0646-220A-4444-A00C-23188AB7331A}.Release|Any CPU.Build.0 = Release|Any CPU
		{2AC3F64D-3F87-47DC-99F4-664965E91399}.Debug|Any CPU.ActiveCfg = Debug|Any CPU
		{2AC3F64D-3F87-47DC-99F4-664965E91399}.Debug|Any CPU.Build.0 = Debug|Any CPU
		{2AC3F64D-3F87-47DC-99F4-664965E91399}.Release|Any CPU.ActiveCfg = Release|Any CPU
		{2AC3F64D-3F87-47DC-99F4-664965E91399}.Release|Any CPU.Build.0 = Release|Any CPU
	EndGlobalSection
	GlobalSection(SolutionProperties) = preSolution
		HideSolutionNode = FALSE
	EndGlobalSection
	GlobalSection(NestedProjects) = preSolution
		{43B6B180-A0F3-49C7-BA13-DF001E4361AF} = {AF2CA2AF-E49D-4AF4-BBF5-246A636E93DB}
	EndGlobalSection
EndGlobal
